// !$*UTF8*$!
{
	archiveVersion = 1;
	classes = {
	};
	objectVersion = 56;
	objects = {

/* Begin PBXBuildFile section */
		4004C4112927EA4100B118B4 /* SpotifyiOS.framework in Frameworks */ = {isa = PBXBuildFile; fileRef = 4004C4102927EA4100B118B4 /* SpotifyiOS.framework */; };
		4004C4132927EA7600B118B4 /* SceneDelegate.swift in Sources */ = {isa = PBXBuildFile; fileRef = 4004C4122927EA7600B118B4 /* SceneDelegate.swift */; };
		4004C4152927EA9F00B118B4 /* ViewController.swift in Sources */ = {isa = PBXBuildFile; fileRef = 4004C4142927EA9F00B118B4 /* ViewController.swift */; };
		4004C41C292819ED00B118B4 /* Constants.swift in Sources */ = {isa = PBXBuildFile; fileRef = 4004C41B292819ED00B118B4 /* Constants.swift */; };
		4004C41E29281CE200B118B4 /* ViewController.swift in Sources */ = {isa = PBXBuildFile; fileRef = 4004C41D29281CE200B118B4 /* ViewController.swift */; };
		4055A4F52925633000B3E3DA /* AppDelegate.swift in Sources */ = {isa = PBXBuildFile; fileRef = 4055A4F42925633000B3E3DA /* AppDelegate.swift */; };
		40800DAC290B1D4600AE7C26 /* Spotify_App.swift in Sources */ = {isa = PBXBuildFile; fileRef = 40800DAB290B1D4600AE7C26 /* Spotify_App.swift */; };
		40800DAE290B1D4600AE7C26 /* ContentView.swift in Sources */ = {isa = PBXBuildFile; fileRef = 40800DAD290B1D4600AE7C26 /* ContentView.swift */; };
		40800DB0290B1D4700AE7C26 /* Assets.xcassets in Resources */ = {isa = PBXBuildFile; fileRef = 40800DAF290B1D4700AE7C26 /* Assets.xcassets */; };
		40800DB3290B1D4700AE7C26 /* Preview Assets.xcassets in Resources */ = {isa = PBXBuildFile; fileRef = 40800DB2290B1D4700AE7C26 /* Preview Assets.xcassets */; };
		40800DB5290B1D4700AE7C26 /* Persistence.swift in Sources */ = {isa = PBXBuildFile; fileRef = 40800DB4290B1D4700AE7C26 /* Persistence.swift */; };
		40800DB8290B1D4700AE7C26 /* Spotify_.xcdatamodeld in Sources */ = {isa = PBXBuildFile; fileRef = 40800DB6290B1D4700AE7C26 /* Spotify_.xcdatamodeld */; };
		40800DC2290B1DFA00AE7C26 /* Home.swift in Sources */ = {isa = PBXBuildFile; fileRef = 40800DC1290B1DFA00AE7C26 /* Home.swift */; };
		40800DC4290B1E0500AE7C26 /* Artists.swift in Sources */ = {isa = PBXBuildFile; fileRef = 40800DC3290B1E0500AE7C26 /* Artists.swift */; };
		40800DC6290B1E1400AE7C26 /* Playlists.swift in Sources */ = {isa = PBXBuildFile; fileRef = 40800DC5290B1E1400AE7C26 /* Playlists.swift */; };
		40800DC8290B1E1D00AE7C26 /* Songs.swift in Sources */ = {isa = PBXBuildFile; fileRef = 40800DC7290B1E1D00AE7C26 /* Songs.swift */; };
		40800DCA290B1E5000AE7C26 /* Albums.swift in Sources */ = {isa = PBXBuildFile; fileRef = 40800DC9290B1E5000AE7C26 /* Albums.swift */; };
		40800DCD290B263B00AE7C26 /* Snap Scroll.swift in Sources */ = {isa = PBXBuildFile; fileRef = 40800DCC290B263B00AE7C26 /* Snap Scroll.swift */; };
/* End PBXBuildFile section */

/* Begin PBXFileReference section */
		4004C4102927EA4100B118B4 /* SpotifyiOS.framework */ = {isa = PBXFileReference; lastKnownFileType = wrapper.framework; name = SpotifyiOS.framework; path = "../../../../../ios-sdk-1.2.2/SpotifyiOS.framework"; sourceTree = "<group>"; };
		4004C4122927EA7600B118B4 /* SceneDelegate.swift */ = {isa = PBXFileReference; lastKnownFileType = sourcecode.swift; path = SceneDelegate.swift; sourceTree = "<group>"; };
		4004C4142927EA9F00B118B4 /* ViewController.swift */ = {isa = PBXFileReference; lastKnownFileType = sourcecode.swift; path = ViewController.swift; sourceTree = "<group>"; };
		4004C4162927EAD900B118B4 /* SpotifyiOS.framework */ = {isa = PBXFileReference; lastKnownFileType = wrapper.framework; path = SpotifyiOS.framework; sourceTree = "<group>"; };
		4004C4182927EBBD00B118B4 /* Spotify+-Bridging-Header.h */ = {isa = PBXFileReference; lastKnownFileType = sourcecode.c.h; path = "Spotify+-Bridging-Header.h"; sourceTree = "<group>"; };
		4004C41B292819ED00B118B4 /* Constants.swift */ = {isa = PBXFileReference; lastKnownFileType = sourcecode.swift; path = Constants.swift; sourceTree = "<group>"; };
		4004C41D29281CE200B118B4 /* ViewController.swift */ = {isa = PBXFileReference; lastKnownFileType = sourcecode.swift; name = ViewController.swift; path = ../ViewController.swift; sourceTree = "<group>"; };
		4055A4F42925633000B3E3DA /* AppDelegate.swift */ = {isa = PBXFileReference; lastKnownFileType = sourcecode.swift; path = AppDelegate.swift; sourceTree = "<group>"; };
		40800DA8290B1D4600AE7C26 /* Spotify+.app */ = {isa = PBXFileReference; explicitFileType = wrapper.application; includeInIndex = 0; path = "Spotify+.app"; sourceTree = BUILT_PRODUCTS_DIR; };
		40800DAB290B1D4600AE7C26 /* Spotify_App.swift */ = {isa = PBXFileReference; lastKnownFileType = sourcecode.swift; path = Spotify_App.swift; sourceTree = "<group>"; };
		40800DAD290B1D4600AE7C26 /* ContentView.swift */ = {isa = PBXFileReference; lastKnownFileType = sourcecode.swift; path = ContentView.swift; sourceTree = "<group>"; };
		40800DAF290B1D4700AE7C26 /* Assets.xcassets */ = {isa = PBXFileReference; lastKnownFileType = folder.assetcatalog; path = Assets.xcassets; sourceTree = "<group>"; };
		40800DB2290B1D4700AE7C26 /* Preview Assets.xcassets */ = {isa = PBXFileReference; lastKnownFileType = folder.assetcatalog; path = "Preview Assets.xcassets"; sourceTree = "<group>"; };
		40800DB4290B1D4700AE7C26 /* Persistence.swift */ = {isa = PBXFileReference; lastKnownFileType = sourcecode.swift; path = Persistence.swift; sourceTree = "<group>"; };
		40800DB7290B1D4700AE7C26 /* Spotify_.xcdatamodel */ = {isa = PBXFileReference; lastKnownFileType = wrapper.xcdatamodel; path = Spotify_.xcdatamodel; sourceTree = "<group>"; };
		40800DB9290B1D4700AE7C26 /* Info.plist */ = {isa = PBXFileReference; lastKnownFileType = text.plist.xml; path = Info.plist; sourceTree = "<group>"; };
		40800DC1290B1DFA00AE7C26 /* Home.swift */ = {isa = PBXFileReference; lastKnownFileType = sourcecode.swift; path = Home.swift; sourceTree = "<group>"; };
		40800DC3290B1E0500AE7C26 /* Artists.swift */ = {isa = PBXFileReference; lastKnownFileType = sourcecode.swift; path = Artists.swift; sourceTree = "<group>"; };
		40800DC5290B1E1400AE7C26 /* Playlists.swift */ = {isa = PBXFileReference; lastKnownFileType = sourcecode.swift; path = Playlists.swift; sourceTree = "<group>"; };
		40800DC7290B1E1D00AE7C26 /* Songs.swift */ = {isa = PBXFileReference; lastKnownFileType = sourcecode.swift; path = Songs.swift; sourceTree = "<group>"; };
		40800DC9290B1E5000AE7C26 /* Albums.swift */ = {isa = PBXFileReference; lastKnownFileType = sourcecode.swift; path = Albums.swift; sourceTree = "<group>"; };
		40800DCC290B263B00AE7C26 /* Snap Scroll.swift */ = {isa = PBXFileReference; lastKnownFileType = sourcecode.swift; path = "Snap Scroll.swift"; sourceTree = "<group>"; };
/* End PBXFileReference section */

/* Begin PBXFrameworksBuildPhase section */
		40800DA5290B1D4600AE7C26 /* Frameworks */ = {
			isa = PBXFrameworksBuildPhase;
			buildActionMask = 2147483647;
			files = (
				4004C4112927EA4100B118B4 /* SpotifyiOS.framework in Frameworks */,
			);
			runOnlyForDeploymentPostprocessing = 0;
		};
/* End PBXFrameworksBuildPhase section */

/* Begin PBXGroup section */
		4004C4172927EB2A00B118B4 /* files */ = {
			isa = PBXGroup;
			children = (
				4004C4162927EAD900B118B4 /* SpotifyiOS.framework */,
				4004C4182927EBBD00B118B4 /* Spotify+-Bridging-Header.h */,
				40800DA9290B1D4600AE7C26 /* Products */,
				40800DB1290B1D4700AE7C26 /* Preview Content */,
				40800DB9290B1D4700AE7C26 /* Info.plist */,
				40800DB6290B1D4700AE7C26 /* Spotify_.xcdatamodeld */,
				40800DAF290B1D4700AE7C26 /* Assets.xcassets */,
				40800DCB290B261200AE7C26 /* Helper */,
				40800DAB290B1D4600AE7C26 /* Spotify_App.swift */,
				4004C4142927EA9F00B118B4 /* ViewController.swift */,
				40800DC0290B1DC800AE7C26 /* View */,
			);
			name = files;
			sourceTree = "<group>";
		};
		40800D9F290B1D4600AE7C26 = {
			isa = PBXGroup;
			children = (
				40800DAA290B1D4600AE7C26 /* Spotify+ */,
			);
			sourceTree = "<group>";
		};
		40800DA9290B1D4600AE7C26 /* Products */ = {
			isa = PBXGroup;
			children = (
				40800DA8290B1D4600AE7C26 /* Spotify+.app */,
			);
			name = Products;
			path = ..;
			sourceTree = "<group>";
		};
		40800DAA290B1D4600AE7C26 /* Spotify+ */ = {
			isa = PBXGroup;
			children = (
				4004C41D29281CE200B118B4 /* ViewController.swift */,
				4004C41B292819ED00B118B4 /* Constants.swift */,
				4004C4122927EA7600B118B4 /* SceneDelegate.swift */,
				4055A4F42925633000B3E3DA /* AppDelegate.swift */,
				4004C4172927EB2A00B118B4 /* files */,
			);
			path = "Spotify+";
			sourceTree = "<group>";
		};
		40800DB1290B1D4700AE7C26 /* Preview Content */ = {
			isa = PBXGroup;
			children = (
				40800DB2290B1D4700AE7C26 /* Preview Assets.xcassets */,
				4004C4102927EA4100B118B4 /* SpotifyiOS.framework */,
			);
			path = "Preview Content";
			sourceTree = "<group>";
		};
		40800DC0290B1DC800AE7C26 /* View */ = {
			isa = PBXGroup;
			children = (
				40800DB4290B1D4700AE7C26 /* Persistence.swift */,
				40800DAD290B1D4600AE7C26 /* ContentView.swift */,
				40800DC1290B1DFA00AE7C26 /* Home.swift */,
				40800DC5290B1E1400AE7C26 /* Playlists.swift */,
				40800DC3290B1E0500AE7C26 /* Artists.swift */,
				40800DC7290B1E1D00AE7C26 /* Songs.swift */,
				40800DC9290B1E5000AE7C26 /* Albums.swift */,
			);
			path = View;
			sourceTree = "<group>";
		};
		40800DCB290B261200AE7C26 /* Helper */ = {
			isa = PBXGroup;
			children = (
				40800DCC290B263B00AE7C26 /* Snap Scroll.swift */,
			);
			path = Helper;
			sourceTree = "<group>";
		};
/* End PBXGroup section */

/* Begin PBXNativeTarget section */
		40800DA7290B1D4600AE7C26 /* Spotify+ */ = {
			isa = PBXNativeTarget;
			buildConfigurationList = 40800DBC290B1D4700AE7C26 /* Build configuration list for PBXNativeTarget "Spotify+" */;
			buildPhases = (
				40800DA4290B1D4600AE7C26 /* Sources */,
				40800DA5290B1D4600AE7C26 /* Frameworks */,
				40800DA6290B1D4600AE7C26 /* Resources */,
			);
			buildRules = (
			);
			dependencies = (
			);
			name = "Spotify+";
			productName = "Spotify+";
			productReference = 40800DA8290B1D4600AE7C26 /* Spotify+.app */;
			productType = "com.apple.product-type.application";
		};
/* End PBXNativeTarget section */

/* Begin PBXProject section */
		40800DA0290B1D4600AE7C26 /* Project object */ = {
			isa = PBXProject;
			attributes = {
				BuildIndependentTargetsInParallel = 1;
				LastSwiftUpdateCheck = 1400;
				LastUpgradeCheck = 1400;
				TargetAttributes = {
					40800DA7290B1D4600AE7C26 = {
						CreatedOnToolsVersion = 14.0.1;
						LastSwiftMigration = 1410;
					};
				};
			};
			buildConfigurationList = 40800DA3290B1D4600AE7C26 /* Build configuration list for PBXProject "Spotify+" */;
			compatibilityVersion = "Xcode 14.0";
			developmentRegion = en;
			hasScannedForEncodings = 0;
			knownRegions = (
				en,
				Base,
			);
			mainGroup = 40800D9F290B1D4600AE7C26;
			productRefGroup = 40800DA9290B1D4600AE7C26 /* Products */;
			projectDirPath = "";
			projectRoot = "";
			targets = (
				40800DA7290B1D4600AE7C26 /* Spotify+ */,
			);
		};
/* End PBXProject section */

/* Begin PBXResourcesBuildPhase section */
		40800DA6290B1D4600AE7C26 /* Resources */ = {
			isa = PBXResourcesBuildPhase;
			buildActionMask = 2147483647;
			files = (
				40800DB3290B1D4700AE7C26 /* Preview Assets.xcassets in Resources */,
				40800DB0290B1D4700AE7C26 /* Assets.xcassets in Resources */,
			);
			runOnlyForDeploymentPostprocessing = 0;
		};
/* End PBXResourcesBuildPhase section */

/* Begin PBXSourcesBuildPhase section */
		40800DA4290B1D4600AE7C26 /* Sources */ = {
			isa = PBXSourcesBuildPhase;
			buildActionMask = 2147483647;
			files = (
				4055A4F52925633000B3E3DA /* AppDelegate.swift in Sources */,
				40800DC8290B1E1D00AE7C26 /* Songs.swift in Sources */,
				4004C41E29281CE200B118B4 /* ViewController.swift in Sources */,
				40800DB5290B1D4700AE7C26 /* Persistence.swift in Sources */,
				40800DAE290B1D4600AE7C26 /* ContentView.swift in Sources */,
				40800DC4290B1E0500AE7C26 /* Artists.swift in Sources */,
				40800DC2290B1DFA00AE7C26 /* Home.swift in Sources */,
				40800DB8290B1D4700AE7C26 /* Spotify_.xcdatamodeld in Sources */,
				40800DCA290B1E5000AE7C26 /* Albums.swift in Sources */,
				4004C4152927EA9F00B118B4 /* ViewController.swift in Sources */,
				40800DAC290B1D4600AE7C26 /* Spotify_App.swift in Sources */,
				40800DC6290B1E1400AE7C26 /* Playlists.swift in Sources */,
				4004C41C292819ED00B118B4 /* Constants.swift in Sources */,
				4004C4132927EA7600B118B4 /* SceneDelegate.swift in Sources */,
				40800DCD290B263B00AE7C26 /* Snap Scroll.swift in Sources */,
			);
			runOnlyForDeploymentPostprocessing = 0;
		};
/* End PBXSourcesBuildPhase section */

/* Begin XCBuildConfiguration section */
		40800DBA290B1D4700AE7C26 /* Debug */ = {
			isa = XCBuildConfiguration;
			buildSettings = {
				ALWAYS_SEARCH_USER_PATHS = NO;
				CLANG_ANALYZER_NONNULL = YES;
				CLANG_ANALYZER_NUMBER_OBJECT_CONVERSION = YES_AGGRESSIVE;
				CLANG_CXX_LANGUAGE_STANDARD = "gnu++20";
				CLANG_ENABLE_MODULES = YES;
				CLANG_ENABLE_OBJC_ARC = YES;
				CLANG_ENABLE_OBJC_WEAK = YES;
				CLANG_WARN_BLOCK_CAPTURE_AUTORELEASING = YES;
				CLANG_WARN_BOOL_CONVERSION = YES;
				CLANG_WARN_COMMA = YES;
				CLANG_WARN_CONSTANT_CONVERSION = YES;
				CLANG_WARN_DEPRECATED_OBJC_IMPLEMENTATIONS = YES;
				CLANG_WARN_DIRECT_OBJC_ISA_USAGE = YES_ERROR;
				CLANG_WARN_DOCUMENTATION_COMMENTS = YES;
				CLANG_WARN_EMPTY_BODY = YES;
				CLANG_WARN_ENUM_CONVERSION = YES;
				CLANG_WARN_INFINITE_RECURSION = YES;
				CLANG_WARN_INT_CONVERSION = YES;
				CLANG_WARN_NON_LITERAL_NULL_CONVERSION = YES;
				CLANG_WARN_OBJC_IMPLICIT_RETAIN_SELF = YES;
				CLANG_WARN_OBJC_LITERAL_CONVERSION = YES;
				CLANG_WARN_OBJC_ROOT_CLASS = YES_ERROR;
				CLANG_WARN_QUOTED_INCLUDE_IN_FRAMEWORK_HEADER = YES;
				CLANG_WARN_RANGE_LOOP_ANALYSIS = YES;
				CLANG_WARN_STRICT_PROTOTYPES = YES;
				CLANG_WARN_SUSPICIOUS_MOVE = YES;
				CLANG_WARN_UNGUARDED_AVAILABILITY = YES_AGGRESSIVE;
				CLANG_WARN_UNREACHABLE_CODE = YES;
				CLANG_WARN__DUPLICATE_METHOD_MATCH = YES;
				COPY_PHASE_STRIP = NO;
				DEBUG_INFORMATION_FORMAT = dwarf;
				ENABLE_STRICT_OBJC_MSGSEND = YES;
				ENABLE_TESTABILITY = YES;
				GCC_C_LANGUAGE_STANDARD = gnu11;
				GCC_DYNAMIC_NO_PIC = NO;
				GCC_NO_COMMON_BLOCKS = YES;
				GCC_OPTIMIZATION_LEVEL = 0;
				GCC_PREPROCESSOR_DEFINITIONS = (
					"DEBUG=1",
					"$(inherited)",
				);
				GCC_WARN_64_TO_32_BIT_CONVERSION = YES;
				GCC_WARN_ABOUT_RETURN_TYPE = YES_ERROR;
				GCC_WARN_UNDECLARED_SELECTOR = YES;
				GCC_WARN_UNINITIALIZED_AUTOS = YES_AGGRESSIVE;
				GCC_WARN_UNUSED_FUNCTION = YES;
				GCC_WARN_UNUSED_VARIABLE = YES;
				IPHONEOS_DEPLOYMENT_TARGET = 16.0;
				MTL_ENABLE_DEBUG_INFO = INCLUDE_SOURCE;
				MTL_FAST_MATH = YES;
				ONLY_ACTIVE_ARCH = YES;
				SDKROOT = iphoneos;
				SWIFT_ACTIVE_COMPILATION_CONDITIONS = DEBUG;
				SWIFT_OPTIMIZATION_LEVEL = "-Onone";
			};
			name = Debug;
		};
		40800DBB290B1D4700AE7C26 /* Release */ = {
			isa = XCBuildConfiguration;
			buildSettings = {
				ALWAYS_SEARCH_USER_PATHS = NO;
				CLANG_ANALYZER_NONNULL = YES;
				CLANG_ANALYZER_NUMBER_OBJECT_CONVERSION = YES_AGGRESSIVE;
				CLANG_CXX_LANGUAGE_STANDARD = "gnu++20";
				CLANG_ENABLE_MODULES = YES;
				CLANG_ENABLE_OBJC_ARC = YES;
				CLANG_ENABLE_OBJC_WEAK = YES;
				CLANG_WARN_BLOCK_CAPTURE_AUTORELEASING = YES;
				CLANG_WARN_BOOL_CONVERSION = YES;
				CLANG_WARN_COMMA = YES;
				CLANG_WARN_CONSTANT_CONVERSION = YES;
				CLANG_WARN_DEPRECATED_OBJC_IMPLEMENTATIONS = YES;
				CLANG_WARN_DIRECT_OBJC_ISA_USAGE = YES_ERROR;
				CLANG_WARN_DOCUMENTATION_COMMENTS = YES;
				CLANG_WARN_EMPTY_BODY = YES;
				CLANG_WARN_ENUM_CONVERSION = YES;
				CLANG_WARN_INFINITE_RECURSION = YES;
				CLANG_WARN_INT_CONVERSION = YES;
				CLANG_WARN_NON_LITERAL_NULL_CONVERSION = YES;
				CLANG_WARN_OBJC_IMPLICIT_RETAIN_SELF = YES;
				CLANG_WARN_OBJC_LITERAL_CONVERSION = YES;
				CLANG_WARN_OBJC_ROOT_CLASS = YES_ERROR;
				CLANG_WARN_QUOTED_INCLUDE_IN_FRAMEWORK_HEADER = YES;
				CLANG_WARN_RANGE_LOOP_ANALYSIS = YES;
				CLANG_WARN_STRICT_PROTOTYPES = YES;
				CLANG_WARN_SUSPICIOUS_MOVE = YES;
				CLANG_WARN_UNGUARDED_AVAILABILITY = YES_AGGRESSIVE;
				CLANG_WARN_UNREACHABLE_CODE = YES;
				CLANG_WARN__DUPLICATE_METHOD_MATCH = YES;
				COPY_PHASE_STRIP = NO;
				DEBUG_INFORMATION_FORMAT = "dwarf-with-dsym";
				ENABLE_NS_ASSERTIONS = NO;
				ENABLE_STRICT_OBJC_MSGSEND = YES;
				GCC_C_LANGUAGE_STANDARD = gnu11;
				GCC_NO_COMMON_BLOCKS = YES;
				GCC_WARN_64_TO_32_BIT_CONVERSION = YES;
				GCC_WARN_ABOUT_RETURN_TYPE = YES_ERROR;
				GCC_WARN_UNDECLARED_SELECTOR = YES;
				GCC_WARN_UNINITIALIZED_AUTOS = YES_AGGRESSIVE;
				GCC_WARN_UNUSED_FUNCTION = YES;
				GCC_WARN_UNUSED_VARIABLE = YES;
				IPHONEOS_DEPLOYMENT_TARGET = 16.0;
				MTL_ENABLE_DEBUG_INFO = NO;
				MTL_FAST_MATH = YES;
				SDKROOT = iphoneos;
				SWIFT_COMPILATION_MODE = wholemodule;
				SWIFT_OPTIMIZATION_LEVEL = "-O";
				VALIDATE_PRODUCT = YES;
			};
			name = Release;
		};
		40800DBD290B1D4700AE7C26 /* Debug */ = {
			isa = XCBuildConfiguration;
			buildSettings = {
				ASSETCATALOG_COMPILER_APPICON_NAME = AppIcon;
				ASSETCATALOG_COMPILER_GLOBAL_ACCENT_COLOR_NAME = AccentColor;
				CLANG_ENABLE_MODULES = YES;
				CODE_SIGN_STYLE = Automatic;
				CURRENT_PROJECT_VERSION = 1;
				DEVELOPMENT_ASSET_PATHS = "\"Spotify+/Preview Content\"";
				ENABLE_PREVIEWS = YES;
				GENERATE_INFOPLIST_FILE = YES;
				INFOPLIST_KEY_UIApplicationSceneManifest_Generation = YES;
				INFOPLIST_KEY_UIApplicationSupportsIndirectInputEvents = YES;
				INFOPLIST_KEY_UILaunchScreen_Generation = YES;
				INFOPLIST_KEY_UISupportedInterfaceOrientations_iPad = "UIInterfaceOrientationPortrait UIInterfaceOrientationPortraitUpsideDown UIInterfaceOrientationLandscapeLeft UIInterfaceOrientationLandscapeRight";
				INFOPLIST_KEY_UISupportedInterfaceOrientations_iPhone = "UIInterfaceOrientationPortrait UIInterfaceOrientationLandscapeLeft UIInterfaceOrientationLandscapeRight";
				LD_RUNPATH_SEARCH_PATHS = (
					"$(inherited)",
					"@executable_path/Frameworks",
				);
				MARKETING_VERSION = 1.0;
				NEW_SETTING = "";
				OTHER_LDFLAGS = "-ObjC";
				PRODUCT_BUNDLE_IDENTIFIER = "Shivani-Sundaresan.Spotify-";
				PRODUCT_NAME = "$(TARGET_NAME)";
				SWIFT_EMIT_LOC_STRINGS = YES;
				SWIFT_OBJC_BRIDGING_HEADER = "Spotify+-Bridging-Header.h";
				SWIFT_OPTIMIZATION_LEVEL = "-Onone";
				SWIFT_VERSION = 5.0;
				TARGETED_DEVICE_FAMILY = "1,2";
			};
			name = Debug;
		};
		40800DBE290B1D4700AE7C26 /* Release */ = {
			isa = XCBuildConfiguration;
			buildSettings = {
				ASSETCATALOG_COMPILER_APPICON_NAME = AppIcon;
				ASSETCATALOG_COMPILER_GLOBAL_ACCENT_COLOR_NAME = AccentColor;
				CLANG_ENABLE_MODULES = YES;
				CODE_SIGN_STYLE = Automatic;
				CURRENT_PROJECT_VERSION = 1;
				DEVELOPMENT_ASSET_PATHS = "\"Spotify+/Preview Content\"";
				ENABLE_PREVIEWS = YES;
				GENERATE_INFOPLIST_FILE = YES;
				INFOPLIST_KEY_UIApplicationSceneManifest_Generation = YES;
				INFOPLIST_KEY_UIApplicationSupportsIndirectInputEvents = YES;
				INFOPLIST_KEY_UILaunchScreen_Generation = YES;
				INFOPLIST_KEY_UISupportedInterfaceOrientations_iPad = "UIInterfaceOrientationPortrait UIInterfaceOrientationPortraitUpsideDown UIInterfaceOrientationLandscapeLeft UIInterfaceOrientationLandscapeRight";
				INFOPLIST_KEY_UISupportedInterfaceOrientations_iPhone = "UIInterfaceOrientationPortrait UIInterfaceOrientationLandscapeLeft UIInterfaceOrientationLandscapeRight";
				LD_RUNPATH_SEARCH_PATHS = (
					"$(inherited)",
					"@executable_path/Frameworks",
				);
				MARKETING_VERSION = 1.0;
				NEW_SETTING = "";
				OTHER_LDFLAGS = "-ObjC";
				PRODUCT_BUNDLE_IDENTIFIER = "Shivani-Sundaresan.Spotify-";
				PRODUCT_NAME = "$(TARGET_NAME)";
				SWIFT_EMIT_LOC_STRINGS = YES;
				SWIFT_OBJC_BRIDGING_HEADER = "Spotify+-Bridging-Header.h";
				SWIFT_VERSION = 5.0;
				TARGETED_DEVICE_FAMILY = "1,2";
			};
			name = Release;
		};
/* End XCBuildConfiguration section */

/* Begin XCConfigurationList section */
		40800DA3290B1D4600AE7C26 /* Build configuration list for PBXProject "Spotify+" */ = {
			isa = XCConfigurationList;
			buildConfigurations = (
				40800DBA290B1D4700AE7C26 /* Debug */,
				40800DBB290B1D4700AE7C26 /* Release */,
			);
			defaultConfigurationIsVisible = 0;
			defaultConfigurationName = Release;
		};
		40800DBC290B1D4700AE7C26 /* Build configuration list for PBXNativeTarget "Spotify+" */ = {
			isa = XCConfigurationList;
			buildConfigurations = (
				40800DBD290B1D4700AE7C26 /* Debug */,
				40800DBE290B1D4700AE7C26 /* Release */,
			);
			defaultConfigurationIsVisible = 0;
			defaultConfigurationName = Release;
		};
/* End XCConfigurationList section */

/* Begin XCVersionGroup section */
		40800DB6290B1D4700AE7C26 /* Spotify_.xcdatamodeld */ = {
			isa = XCVersionGroup;
			children = (
				40800DB7290B1D4700AE7C26 /* Spotify_.xcdatamodel */,
			);
			currentVersion = 40800DB7290B1D4700AE7C26 /* Spotify_.xcdatamodel */;
			path = Spotify_.xcdatamodeld;
			sourceTree = "<group>";
			versionGroupType = wrapper.xcdatamodel;
		};
/* End XCVersionGroup section */
	};
	rootObject = 40800DA0290B1D4600AE7C26 /* Project object */;
}
