// !$*UTF8*$!
{
	archiveVersion = 1;
	classes = {
	};
	objectVersion = 56;
	objects = {

/* Begin PBXBuildFile section */
		40031B0F290A09F400EE8236 /* AppDelegate.swift in Sources */ = {isa = PBXBuildFile; fileRef = 40031B0E290A09F400EE8236 /* AppDelegate.swift */; };
		40031B11290A0A0400EE8236 /* SceneDelegate.swift in Sources */ = {isa = PBXBuildFile; fileRef = 40031B10290A0A0400EE8236 /* SceneDelegate.swift */; };
		40031B15290A0DC000EE8236 /* HomeViewController.swift in Sources */ = {isa = PBXBuildFile; fileRef = 40031B14290A0DC000EE8236 /* HomeViewController.swift */; };
		40031B17290A0E6C00EE8236 /* SearchViewController.swift in Sources */ = {isa = PBXBuildFile; fileRef = 40031B16290A0E6C00EE8236 /* SearchViewController.swift */; };
		40031B1B290A0F2000EE8236 /* AuthViewController.swift in Sources */ = {isa = PBXBuildFile; fileRef = 40031B1A290A0F2000EE8236 /* AuthViewController.swift */; };
		40031B1D290A0F3400EE8236 /* WelcomeViewController.swift in Sources */ = {isa = PBXBuildFile; fileRef = 40031B1C290A0F3400EE8236 /* WelcomeViewController.swift */; };
		40031B1F290A0F6300EE8236 /* SettingsViewController.swift in Sources */ = {isa = PBXBuildFile; fileRef = 40031B1E290A0F6300EE8236 /* SettingsViewController.swift */; };
		40031B21290A0F8000EE8236 /* ProfileViewController.swift in Sources */ = {isa = PBXBuildFile; fileRef = 40031B20290A0F8000EE8236 /* ProfileViewController.swift */; };
		40031B23290A0FD100EE8236 /* AuthManager.swift in Sources */ = {isa = PBXBuildFile; fileRef = 40031B22290A0FD100EE8236 /* AuthManager.swift */; };
		40031B25290A0FF300EE8236 /* APICaller.swift in Sources */ = {isa = PBXBuildFile; fileRef = 40031B24290A0FF300EE8236 /* APICaller.swift */; };
		40031B27290A104C00EE8236 /* Artist.swift in Sources */ = {isa = PBXBuildFile; fileRef = 40031B26290A104C00EE8236 /* Artist.swift */; };
		40031B29290A105900EE8236 /* Playlist.swift in Sources */ = {isa = PBXBuildFile; fileRef = 40031B28290A105900EE8236 /* Playlist.swift */; };
		40031B2B290A106400EE8236 /* Song.swift in Sources */ = {isa = PBXBuildFile; fileRef = 40031B2A290A106400EE8236 /* Song.swift */; };
		40031B2D290A107100EE8236 /* Album.swift in Sources */ = {isa = PBXBuildFile; fileRef = 40031B2C290A107100EE8236 /* Album.swift */; };
		409AD9CF290A122700D4358F /* TabBarViewController.swift in Sources */ = {isa = PBXBuildFile; fileRef = 409AD9CE290A122700D4358F /* TabBarViewController.swift */; };
		40A16D532905A52F00D40D7F /* ContentView.swift in Sources */ = {isa = PBXBuildFile; fileRef = 40A16D522905A52F00D40D7F /* ContentView.swift */; };
		40A16D552905A53000D40D7F /* Assets.xcassets in Resources */ = {isa = PBXBuildFile; fileRef = 40A16D542905A53000D40D7F /* Assets.xcassets */; };
		40A16D592905A53000D40D7F /* Preview Assets.xcassets in Resources */ = {isa = PBXBuildFile; fileRef = 40A16D582905A53000D40D7F /* Preview Assets.xcassets */; };
/* End PBXBuildFile section */

/* Begin PBXFileReference section */
		40031B0E290A09F400EE8236 /* AppDelegate.swift */ = {isa = PBXFileReference; lastKnownFileType = sourcecode.swift; path = AppDelegate.swift; sourceTree = "<group>"; };
		40031B10290A0A0400EE8236 /* SceneDelegate.swift */ = {isa = PBXFileReference; lastKnownFileType = sourcecode.swift; path = SceneDelegate.swift; sourceTree = "<group>"; };
		40031B14290A0DC000EE8236 /* HomeViewController.swift */ = {isa = PBXFileReference; lastKnownFileType = sourcecode.swift; path = HomeViewController.swift; sourceTree = "<group>"; };
		40031B16290A0E6C00EE8236 /* SearchViewController.swift */ = {isa = PBXFileReference; lastKnownFileType = sourcecode.swift; path = SearchViewController.swift; sourceTree = "<group>"; };
		40031B1A290A0F2000EE8236 /* AuthViewController.swift */ = {isa = PBXFileReference; lastKnownFileType = sourcecode.swift; path = AuthViewController.swift; sourceTree = "<group>"; };
		40031B1C290A0F3400EE8236 /* WelcomeViewController.swift */ = {isa = PBXFileReference; lastKnownFileType = sourcecode.swift; path = WelcomeViewController.swift; sourceTree = "<group>"; };
		40031B1E290A0F6300EE8236 /* SettingsViewController.swift */ = {isa = PBXFileReference; lastKnownFileType = sourcecode.swift; path = SettingsViewController.swift; sourceTree = "<group>"; };
		40031B20290A0F8000EE8236 /* ProfileViewController.swift */ = {isa = PBXFileReference; lastKnownFileType = sourcecode.swift; path = ProfileViewController.swift; sourceTree = "<group>"; };
		40031B22290A0FD100EE8236 /* AuthManager.swift */ = {isa = PBXFileReference; lastKnownFileType = sourcecode.swift; path = AuthManager.swift; sourceTree = "<group>"; };
		40031B24290A0FF300EE8236 /* APICaller.swift */ = {isa = PBXFileReference; lastKnownFileType = sourcecode.swift; path = APICaller.swift; sourceTree = "<group>"; };
		40031B26290A104C00EE8236 /* Artist.swift */ = {isa = PBXFileReference; lastKnownFileType = sourcecode.swift; path = Artist.swift; sourceTree = "<group>"; };
		40031B28290A105900EE8236 /* Playlist.swift */ = {isa = PBXFileReference; lastKnownFileType = sourcecode.swift; path = Playlist.swift; sourceTree = "<group>"; };
		40031B2A290A106400EE8236 /* Song.swift */ = {isa = PBXFileReference; lastKnownFileType = sourcecode.swift; path = Song.swift; sourceTree = "<group>"; };
		40031B2C290A107100EE8236 /* Album.swift */ = {isa = PBXFileReference; lastKnownFileType = sourcecode.swift; path = Album.swift; sourceTree = "<group>"; };
		409AD9CE290A122700D4358F /* TabBarViewController.swift */ = {isa = PBXFileReference; lastKnownFileType = sourcecode.swift; path = TabBarViewController.swift; sourceTree = "<group>"; };
		40A16D4D2905A52F00D40D7F /* Spotify+.app */ = {isa = PBXFileReference; explicitFileType = wrapper.application; includeInIndex = 0; path = "Spotify+.app"; sourceTree = BUILT_PRODUCTS_DIR; };
		40A16D522905A52F00D40D7F /* ContentView.swift */ = {isa = PBXFileReference; lastKnownFileType = sourcecode.swift; path = ContentView.swift; sourceTree = "<group>"; };
		40A16D542905A53000D40D7F /* Assets.xcassets */ = {isa = PBXFileReference; lastKnownFileType = folder.assetcatalog; path = Assets.xcassets; sourceTree = "<group>"; };
		40A16D562905A53000D40D7F /* Spotify_.entitlements */ = {isa = PBXFileReference; lastKnownFileType = text.plist.entitlements; path = Spotify_.entitlements; sourceTree = "<group>"; };
		40A16D582905A53000D40D7F /* Preview Assets.xcassets */ = {isa = PBXFileReference; lastKnownFileType = folder.assetcatalog; path = "Preview Assets.xcassets"; sourceTree = "<group>"; };
/* End PBXFileReference section */

/* Begin PBXFrameworksBuildPhase section */
		40A16D4A2905A52F00D40D7F /* Frameworks */ = {
			isa = PBXFrameworksBuildPhase;
			buildActionMask = 2147483647;
			files = (
			);
			runOnlyForDeploymentPostprocessing = 0;
		};
/* End PBXFrameworksBuildPhase section */

/* Begin PBXGroup section */
		40031B08290A091600EE8236 /* Controllers */ = {
			isa = PBXGroup;
			children = (
				40031B19290A0EEC00EE8236 /* Other */,
				40031B18290A0ECE00EE8236 /* Core */,
			);
			path = Controllers;
			sourceTree = "<group>";
		};
		40031B09290A092500EE8236 /* View */ = {
			isa = PBXGroup;
			children = (
			);
			path = View;
			sourceTree = "<group>";
		};
		40031B0A290A093100EE8236 /* Models */ = {
			isa = PBXGroup;
			children = (
				40031B26290A104C00EE8236 /* Artist.swift */,
				40031B28290A105900EE8236 /* Playlist.swift */,
				40031B2A290A106400EE8236 /* Song.swift */,
				40031B2C290A107100EE8236 /* Album.swift */,
			);
			path = Models;
			sourceTree = "<group>";
		};
		40031B0B290A094100EE8236 /* ViewModels */ = {
			isa = PBXGroup;
			children = (
			);
			path = ViewModels;
			sourceTree = "<group>";
		};
		40031B0C290A095100EE8236 /* Managers */ = {
			isa = PBXGroup;
			children = (
				40031B22290A0FD100EE8236 /* AuthManager.swift */,
				40031B24290A0FF300EE8236 /* APICaller.swift */,
			);
			path = Managers;
			sourceTree = "<group>";
		};
		40031B0D290A095D00EE8236 /* Resources */ = {
			isa = PBXGroup;
			children = (
				40A16D542905A53000D40D7F /* Assets.xcassets */,
				40031B0E290A09F400EE8236 /* AppDelegate.swift */,
				40031B10290A0A0400EE8236 /* SceneDelegate.swift */,
			);
			path = Resources;
			sourceTree = "<group>";
		};
		40031B18290A0ECE00EE8236 /* Core */ = {
			isa = PBXGroup;
			children = (
				40031B14290A0DC000EE8236 /* HomeViewController.swift */,
				40031B16290A0E6C00EE8236 /* SearchViewController.swift */,
				409AD9CE290A122700D4358F /* TabBarViewController.swift */,
			);
			path = Core;
			sourceTree = "<group>";
		};
		40031B19290A0EEC00EE8236 /* Other */ = {
			isa = PBXGroup;
			children = (
				40031B1A290A0F2000EE8236 /* AuthViewController.swift */,
				40031B1C290A0F3400EE8236 /* WelcomeViewController.swift */,
				40031B1E290A0F6300EE8236 /* SettingsViewController.swift */,
				40031B20290A0F8000EE8236 /* ProfileViewController.swift */,
			);
			path = Other;
			sourceTree = "<group>";
		};
		40A16D442905A52F00D40D7F = {
			isa = PBXGroup;
			children = (
				40A16D4F2905A52F00D40D7F /* Spotify+ */,
				40A16D4E2905A52F00D40D7F /* Products */,
			);
			sourceTree = "<group>";
		};
		40A16D4E2905A52F00D40D7F /* Products */ = {
			isa = PBXGroup;
			children = (
				40A16D4D2905A52F00D40D7F /* Spotify+.app */,
			);
			name = Products;
			sourceTree = "<group>";
		};
		40A16D4F2905A52F00D40D7F /* Spotify+ */ = {
			isa = PBXGroup;
			children = (
				40031B0D290A095D00EE8236 /* Resources */,
				40031B0C290A095100EE8236 /* Managers */,
				40031B0B290A094100EE8236 /* ViewModels */,
				40031B0A290A093100EE8236 /* Models */,
				40031B09290A092500EE8236 /* View */,
				40031B08290A091600EE8236 /* Controllers */,
				40A16D522905A52F00D40D7F /* ContentView.swift */,
				40A16D562905A53000D40D7F /* Spotify_.entitlements */,
				40A16D572905A53000D40D7F /* Preview Content */,
			);
			path = "Spotify+";
			sourceTree = "<group>";
		};
		40A16D572905A53000D40D7F /* Preview Content */ = {
			isa = PBXGroup;
			children = (
				40A16D582905A53000D40D7F /* Preview Assets.xcassets */,
			);
			path = "Preview Content";
			sourceTree = "<group>";
		};
/* End PBXGroup section */

/* Begin PBXNativeTarget section */
		40A16D4C2905A52F00D40D7F /* Spotify+ */ = {
			isa = PBXNativeTarget;
			buildConfigurationList = 40A16D5C2905A53000D40D7F /* Build configuration list for PBXNativeTarget "Spotify+" */;
			buildPhases = (
				40A16D492905A52F00D40D7F /* Sources */,
				40A16D4A2905A52F00D40D7F /* Frameworks */,
				40A16D4B2905A52F00D40D7F /* Resources */,
			);
			buildRules = (
			);
			dependencies = (
			);
			name = "Spotify+";
			productName = "Spotify+";
			productReference = 40A16D4D2905A52F00D40D7F /* Spotify+.app */;
			productType = "com.apple.product-type.application";
		};
/* End PBXNativeTarget section */

/* Begin PBXProject section */
		40A16D452905A52F00D40D7F /* Project object */ = {
			isa = PBXProject;
			attributes = {
				BuildIndependentTargetsInParallel = 1;
				LastSwiftUpdateCheck = 1400;
				LastUpgradeCheck = 1400;
				TargetAttributes = {
					40A16D4C2905A52F00D40D7F = {
						CreatedOnToolsVersion = 14.0.1;
					};
				};
			};
			buildConfigurationList = 40A16D482905A52F00D40D7F /* Build configuration list for PBXProject "Spotify+" */;
			compatibilityVersion = "Xcode 14.0";
			developmentRegion = en;
			hasScannedForEncodings = 0;
			knownRegions = (
				en,
				Base,
			);
			mainGroup = 40A16D442905A52F00D40D7F;
			productRefGroup = 40A16D4E2905A52F00D40D7F /* Products */;
			projectDirPath = "";
			projectRoot = "";
			targets = (
				40A16D4C2905A52F00D40D7F /* Spotify+ */,
			);
		};
/* End PBXProject section */

/* Begin PBXResourcesBuildPhase section */
		40A16D4B2905A52F00D40D7F /* Resources */ = {
			isa = PBXResourcesBuildPhase;
			buildActionMask = 2147483647;
			files = (
				40A16D592905A53000D40D7F /* Preview Assets.xcassets in Resources */,
				40A16D552905A53000D40D7F /* Assets.xcassets in Resources */,
			);
			runOnlyForDeploymentPostprocessing = 0;
		};
/* End PBXResourcesBuildPhase section */

/* Begin PBXSourcesBuildPhase section */
		40A16D492905A52F00D40D7F /* Sources */ = {
			isa = PBXSourcesBuildPhase;
			buildActionMask = 2147483647;
			files = (
				40031B17290A0E6C00EE8236 /* SearchViewController.swift in Sources */,
				409AD9CF290A122700D4358F /* TabBarViewController.swift in Sources */,
				40031B1D290A0F3400EE8236 /* WelcomeViewController.swift in Sources */,
				40031B21290A0F8000EE8236 /* ProfileViewController.swift in Sources */,
				40031B29290A105900EE8236 /* Playlist.swift in Sources */,
				40031B0F290A09F400EE8236 /* AppDelegate.swift in Sources */,
				40A16D532905A52F00D40D7F /* ContentView.swift in Sources */,
				40031B1B290A0F2000EE8236 /* AuthViewController.swift in Sources */,
				40031B2D290A107100EE8236 /* Album.swift in Sources */,
				40031B25290A0FF300EE8236 /* APICaller.swift in Sources */,
				40031B2B290A106400EE8236 /* Song.swift in Sources */,
				40031B15290A0DC000EE8236 /* HomeViewController.swift in Sources */,
				40031B27290A104C00EE8236 /* Artist.swift in Sources */,
				40031B23290A0FD100EE8236 /* AuthManager.swift in Sources */,
				40031B11290A0A0400EE8236 /* SceneDelegate.swift in Sources */,
				40031B1F290A0F6300EE8236 /* SettingsViewController.swift in Sources */,
			);
			runOnlyForDeploymentPostprocessing = 0;
		};
/* End PBXSourcesBuildPhase section */

/* Begin XCBuildConfiguration section */
		40A16D5A2905A53000D40D7F /* Debug */ = {
			isa = XCBuildConfiguration;
			buildSettings = {
				ALWAYS_SEARCH_USER_PATHS = NO;
				CLANG_ANALYZER_NONNULL = YES;
				CLANG_ANALYZER_NUMBER_OBJECT_CONVERSION = YES_AGGRESSIVE;
				CLANG_CXX_LANGUAGE_STANDARD = "gnu++20";
				CLANG_ENABLE_MODULES = YES;
				CLANG_ENABLE_OBJC_ARC = YES;
				CLANG_ENABLE_OBJC_WEAK = YES;
				CLANG_WARN_BLOCK_CAPTURE_AUTORELEASING = YES;
				CLANG_WARN_BOOL_CONVERSION = YES;
				CLANG_WARN_COMMA = YES;
				CLANG_WARN_CONSTANT_CONVERSION = YES;
				CLANG_WARN_DEPRECATED_OBJC_IMPLEMENTATIONS = YES;
				CLANG_WARN_DIRECT_OBJC_ISA_USAGE = YES_ERROR;
				CLANG_WARN_DOCUMENTATION_COMMENTS = YES;
				CLANG_WARN_EMPTY_BODY = YES;
				CLANG_WARN_ENUM_CONVERSION = YES;
				CLANG_WARN_INFINITE_RECURSION = YES;
				CLANG_WARN_INT_CONVERSION = YES;
				CLANG_WARN_NON_LITERAL_NULL_CONVERSION = YES;
				CLANG_WARN_OBJC_IMPLICIT_RETAIN_SELF = YES;
				CLANG_WARN_OBJC_LITERAL_CONVERSION = YES;
				CLANG_WARN_OBJC_ROOT_CLASS = YES_ERROR;
				CLANG_WARN_QUOTED_INCLUDE_IN_FRAMEWORK_HEADER = YES;
				CLANG_WARN_RANGE_LOOP_ANALYSIS = YES;
				CLANG_WARN_STRICT_PROTOTYPES = YES;
				CLANG_WARN_SUSPICIOUS_MOVE = YES;
				CLANG_WARN_UNGUARDED_AVAILABILITY = YES_AGGRESSIVE;
				CLANG_WARN_UNREACHABLE_CODE = YES;
				CLANG_WARN__DUPLICATE_METHOD_MATCH = YES;
				COPY_PHASE_STRIP = NO;
				DEBUG_INFORMATION_FORMAT = dwarf;
				ENABLE_STRICT_OBJC_MSGSEND = YES;
				ENABLE_TESTABILITY = YES;
				GCC_C_LANGUAGE_STANDARD = gnu11;
				GCC_DYNAMIC_NO_PIC = NO;
				GCC_NO_COMMON_BLOCKS = YES;
				GCC_OPTIMIZATION_LEVEL = 0;
				GCC_PREPROCESSOR_DEFINITIONS = (
					"DEBUG=1",
					"$(inherited)",
				);
				GCC_WARN_64_TO_32_BIT_CONVERSION = YES;
				GCC_WARN_ABOUT_RETURN_TYPE = YES_ERROR;
				GCC_WARN_UNDECLARED_SELECTOR = YES;
				GCC_WARN_UNINITIALIZED_AUTOS = YES_AGGRESSIVE;
				GCC_WARN_UNUSED_FUNCTION = YES;
				GCC_WARN_UNUSED_VARIABLE = YES;
				MTL_ENABLE_DEBUG_INFO = INCLUDE_SOURCE;
				MTL_FAST_MATH = YES;
				ONLY_ACTIVE_ARCH = YES;
				SWIFT_ACTIVE_COMPILATION_CONDITIONS = DEBUG;
				SWIFT_OPTIMIZATION_LEVEL = "-Onone";
			};
			name = Debug;
		};
		40A16D5B2905A53000D40D7F /* Release */ = {
			isa = XCBuildConfiguration;
			buildSettings = {
				ALWAYS_SEARCH_USER_PATHS = NO;
				CLANG_ANALYZER_NONNULL = YES;
				CLANG_ANALYZER_NUMBER_OBJECT_CONVERSION = YES_AGGRESSIVE;
				CLANG_CXX_LANGUAGE_STANDARD = "gnu++20";
				CLANG_ENABLE_MODULES = YES;
				CLANG_ENABLE_OBJC_ARC = YES;
				CLANG_ENABLE_OBJC_WEAK = YES;
				CLANG_WARN_BLOCK_CAPTURE_AUTORELEASING = YES;
				CLANG_WARN_BOOL_CONVERSION = YES;
				CLANG_WARN_COMMA = YES;
				CLANG_WARN_CONSTANT_CONVERSION = YES;
				CLANG_WARN_DEPRECATED_OBJC_IMPLEMENTATIONS = YES;
				CLANG_WARN_DIRECT_OBJC_ISA_USAGE = YES_ERROR;
				CLANG_WARN_DOCUMENTATION_COMMENTS = YES;
				CLANG_WARN_EMPTY_BODY = YES;
				CLANG_WARN_ENUM_CONVERSION = YES;
				CLANG_WARN_INFINITE_RECURSION = YES;
				CLANG_WARN_INT_CONVERSION = YES;
				CLANG_WARN_NON_LITERAL_NULL_CONVERSION = YES;
				CLANG_WARN_OBJC_IMPLICIT_RETAIN_SELF = YES;
				CLANG_WARN_OBJC_LITERAL_CONVERSION = YES;
				CLANG_WARN_OBJC_ROOT_CLASS = YES_ERROR;
				CLANG_WARN_QUOTED_INCLUDE_IN_FRAMEWORK_HEADER = YES;
				CLANG_WARN_RANGE_LOOP_ANALYSIS = YES;
				CLANG_WARN_STRICT_PROTOTYPES = YES;
				CLANG_WARN_SUSPICIOUS_MOVE = YES;
				CLANG_WARN_UNGUARDED_AVAILABILITY = YES_AGGRESSIVE;
				CLANG_WARN_UNREACHABLE_CODE = YES;
				CLANG_WARN__DUPLICATE_METHOD_MATCH = YES;
				COPY_PHASE_STRIP = NO;
				DEBUG_INFORMATION_FORMAT = "dwarf-with-dsym";
				ENABLE_NS_ASSERTIONS = NO;
				ENABLE_STRICT_OBJC_MSGSEND = YES;
				GCC_C_LANGUAGE_STANDARD = gnu11;
				GCC_NO_COMMON_BLOCKS = YES;
				GCC_WARN_64_TO_32_BIT_CONVERSION = YES;
				GCC_WARN_ABOUT_RETURN_TYPE = YES_ERROR;
				GCC_WARN_UNDECLARED_SELECTOR = YES;
				GCC_WARN_UNINITIALIZED_AUTOS = YES_AGGRESSIVE;
				GCC_WARN_UNUSED_FUNCTION = YES;
				GCC_WARN_UNUSED_VARIABLE = YES;
				MTL_ENABLE_DEBUG_INFO = NO;
				MTL_FAST_MATH = YES;
				SWIFT_COMPILATION_MODE = wholemodule;
				SWIFT_OPTIMIZATION_LEVEL = "-O";
			};
			name = Release;
		};
		40A16D5D2905A53000D40D7F /* Debug */ = {
			isa = XCBuildConfiguration;
			buildSettings = {
				ASSETCATALOG_COMPILER_APPICON_NAME = AppIcon;
				ASSETCATALOG_COMPILER_GLOBAL_ACCENT_COLOR_NAME = AccentColor;
				CODE_SIGN_ENTITLEMENTS = "Spotify+/Spotify_.entitlements";
				CODE_SIGN_STYLE = Automatic;
				CURRENT_PROJECT_VERSION = 1;
				DEVELOPMENT_ASSET_PATHS = "\"Spotify+/Preview Content\"";
				ENABLE_PREVIEWS = YES;
				GENERATE_INFOPLIST_FILE = YES;
				"INFOPLIST_KEY_UIApplicationSceneManifest_Generation[sdk=iphoneos*]" = YES;
				"INFOPLIST_KEY_UIApplicationSceneManifest_Generation[sdk=iphonesimulator*]" = YES;
				"INFOPLIST_KEY_UIApplicationSupportsIndirectInputEvents[sdk=iphoneos*]" = YES;
				"INFOPLIST_KEY_UIApplicationSupportsIndirectInputEvents[sdk=iphonesimulator*]" = YES;
				"INFOPLIST_KEY_UILaunchScreen_Generation[sdk=iphoneos*]" = YES;
				"INFOPLIST_KEY_UILaunchScreen_Generation[sdk=iphonesimulator*]" = YES;
				"INFOPLIST_KEY_UIStatusBarStyle[sdk=iphoneos*]" = UIStatusBarStyleDefault;
				"INFOPLIST_KEY_UIStatusBarStyle[sdk=iphonesimulator*]" = UIStatusBarStyleDefault;
				INFOPLIST_KEY_UISupportedInterfaceOrientations_iPad = "UIInterfaceOrientationPortrait UIInterfaceOrientationPortraitUpsideDown UIInterfaceOrientationLandscapeLeft UIInterfaceOrientationLandscapeRight";
				INFOPLIST_KEY_UISupportedInterfaceOrientations_iPhone = "UIInterfaceOrientationPortrait UIInterfaceOrientationLandscapeLeft UIInterfaceOrientationLandscapeRight";
				IPHONEOS_DEPLOYMENT_TARGET = 16.0;
				LD_RUNPATH_SEARCH_PATHS = "@executable_path/Frameworks";
				"LD_RUNPATH_SEARCH_PATHS[sdk=macosx*]" = "@executable_path/../Frameworks";
				MACOSX_DEPLOYMENT_TARGET = 12.3;
				MARKETING_VERSION = 1.0;
				PRODUCT_BUNDLE_IDENTIFIER = "Shivani-Sundaresan.Spotify-";
				PRODUCT_NAME = "$(TARGET_NAME)";
				SDKROOT = auto;
				SUPPORTED_PLATFORMS = "iphoneos iphonesimulator macosx";
				SWIFT_EMIT_LOC_STRINGS = YES;
				SWIFT_VERSION = 5.0;
				TARGETED_DEVICE_FAMILY = "1,2";
			};
			name = Debug;
		};
		40A16D5E2905A53000D40D7F /* Release */ = {
			isa = XCBuildConfiguration;
			buildSettings = {
				ASSETCATALOG_COMPILER_APPICON_NAME = AppIcon;
				ASSETCATALOG_COMPILER_GLOBAL_ACCENT_COLOR_NAME = AccentColor;
				CODE_SIGN_ENTITLEMENTS = "Spotify+/Spotify_.entitlements";
				CODE_SIGN_STYLE = Automatic;
				CURRENT_PROJECT_VERSION = 1;
				DEVELOPMENT_ASSET_PATHS = "\"Spotify+/Preview Content\"";
				ENABLE_PREVIEWS = YES;
				GENERATE_INFOPLIST_FILE = YES;
				"INFOPLIST_KEY_UIApplicationSceneManifest_Generation[sdk=iphoneos*]" = YES;
				"INFOPLIST_KEY_UIApplicationSceneManifest_Generation[sdk=iphonesimulator*]" = YES;
				"INFOPLIST_KEY_UIApplicationSupportsIndirectInputEvents[sdk=iphoneos*]" = YES;
				"INFOPLIST_KEY_UIApplicationSupportsIndirectInputEvents[sdk=iphonesimulator*]" = YES;
				"INFOPLIST_KEY_UILaunchScreen_Generation[sdk=iphoneos*]" = YES;
				"INFOPLIST_KEY_UILaunchScreen_Generation[sdk=iphonesimulator*]" = YES;
				"INFOPLIST_KEY_UIStatusBarStyle[sdk=iphoneos*]" = UIStatusBarStyleDefault;
				"INFOPLIST_KEY_UIStatusBarStyle[sdk=iphonesimulator*]" = UIStatusBarStyleDefault;
				INFOPLIST_KEY_UISupportedInterfaceOrientations_iPad = "UIInterfaceOrientationPortrait UIInterfaceOrientationPortraitUpsideDown UIInterfaceOrientationLandscapeLeft UIInterfaceOrientationLandscapeRight";
				INFOPLIST_KEY_UISupportedInterfaceOrientations_iPhone = "UIInterfaceOrientationPortrait UIInterfaceOrientationLandscapeLeft UIInterfaceOrientationLandscapeRight";
				IPHONEOS_DEPLOYMENT_TARGET = 16.0;
				LD_RUNPATH_SEARCH_PATHS = "@executable_path/Frameworks";
				"LD_RUNPATH_SEARCH_PATHS[sdk=macosx*]" = "@executable_path/../Frameworks";
				MACOSX_DEPLOYMENT_TARGET = 12.3;
				MARKETING_VERSION = 1.0;
				PRODUCT_BUNDLE_IDENTIFIER = "Shivani-Sundaresan.Spotify-";
				PRODUCT_NAME = "$(TARGET_NAME)";
				SDKROOT = auto;
				SUPPORTED_PLATFORMS = "iphoneos iphonesimulator macosx";
				SWIFT_EMIT_LOC_STRINGS = YES;
				SWIFT_VERSION = 5.0;
				TARGETED_DEVICE_FAMILY = "1,2";
			};
			name = Release;
		};
/* End XCBuildConfiguration section */

/* Begin XCConfigurationList section */
		40A16D482905A52F00D40D7F /* Build configuration list for PBXProject "Spotify+" */ = {
			isa = XCConfigurationList;
			buildConfigurations = (
				40A16D5A2905A53000D40D7F /* Debug */,
				40A16D5B2905A53000D40D7F /* Release */,
			);
			defaultConfigurationIsVisible = 0;
			defaultConfigurationName = Release;
		};
		40A16D5C2905A53000D40D7F /* Build configuration list for PBXNativeTarget "Spotify+" */ = {
			isa = XCConfigurationList;
			buildConfigurations = (
				40A16D5D2905A53000D40D7F /* Debug */,
				40A16D5E2905A53000D40D7F /* Release */,
			);
			defaultConfigurationIsVisible = 0;
			defaultConfigurationName = Release;
		};
/* End XCConfigurationList section */
	};
	rootObject = 40A16D452905A52F00D40D7F /* Project object */;
}
